# This file was autogenerated by Stack.
# You should not edit this file by hand.
# For more information, please see the documentation at:
#   https://docs.haskellstack.org/en/stable/lock_files

packages:
- completed:
    hackage: HDBC-odbc-2.5.0.0@sha256:5d8cda3c274790cf1fbf84b3c01c1f0d2b0e1fe221c1b1ebe05db4bd09e09b5b,2847
    pantry-tree:
      size: 1823
      sha256: d4260d71dc7c48a16ad4e2bca348a41a650e46bedbc87c7f95188d6946ff5104
  original:
    hackage: HDBC-odbc-2.5.0.0
snapshots:
- completed:
    size: 423620
    url: https://raw.githubusercontent.com/commercialhaskell/stackage-snapshots/master/lts/6/5.yaml
    sha256: e7a2e31378b56bf52e5cddfd7c0d19a84db9dbfd9971931c283aeebf1a17dd8b
  original: lts-6.5
